
Microsoft Visual Studio Solution File, Format Version 12.00
# Visual Studio Version 16
VisualStudioVersion = 16.0.31613.86
MinimumVisualStudioVersion = 10.0.40219.1
Project("{9A19103F-16F7-4668-BE54-9A1E7A4F7556}") = "SistemaFacturacion", "SistemaFacturacion.csproj", "{CE58AA49-6CCE-422C-8472-7F58B08E236A}"
EndProject
Global
	GlobalSection(SolutionConfigurationPlatforms) = preSolution
		Debug|Any CPU = Debug|Any CPU
		Release|Any CPU = Release|Any CPU
	EndGlobalSection
	GlobalSection(ProjectConfigurationPlatforms) = postSolution
		{CE58AA49-6CCE-422C-8472-7F58B08E236A}.Debug|Any CPU.ActiveCfg = Debug|Any CPU
		{CE58AA49-6CCE-422C-8472-7F58B08E236A}.Debug|Any CPU.Build.0 = Debug|Any CPU
		{CE58AA49-6CCE-422C-8472-7F58B08E236A}.Release|Any CPU.ActiveCfg = Release|Any CPU
		{CE58AA49-6CCE-422C-8472-7F58B08E236A}.Release|Any CPU.Build.0 = Release|Any CPU
	EndGlobalSection
	GlobalSection(SolutionProperties) = preSolution
		HideSolutionNode = FALSE
	EndGlobalSection
	GlobalSection(ExtensibilityGlobals) = postSolution
		SolutionGuid = {B2E6C980-8252-4D06-92C4-EF933A81DCC6}
	EndGlobalSection
EndGlobal
